// !$*UTF8*$!
{
	archiveVersion = 1;
	classes = {
	};
	objectVersion = 55;
	objects = {

/* Begin PBXBuildFile section */
		C604592E27877933008A0767 /* AppDelegate.swift in Sources */ = {isa = PBXBuildFile; fileRef = C604592D27877933008A0767 /* AppDelegate.swift */; };
		C604593027877933008A0767 /* SceneDelegate.swift in Sources */ = {isa = PBXBuildFile; fileRef = C604592F27877933008A0767 /* SceneDelegate.swift */; };
		C604593227877933008A0767 /* MainViewController.swift in Sources */ = {isa = PBXBuildFile; fileRef = C604593127877933008A0767 /* MainViewController.swift */; };
		C604593727877934008A0767 /* Assets.xcassets in Resources */ = {isa = PBXBuildFile; fileRef = C604593627877934008A0767 /* Assets.xcassets */; };
		C604593A27877934008A0767 /* LaunchScreen.storyboard in Resources */ = {isa = PBXBuildFile; fileRef = C604593827877934008A0767 /* LaunchScreen.storyboard */; };
		C604594527877935008A0767 /* VisionTextRecognitionTutorial1Tests.swift in Sources */ = {isa = PBXBuildFile; fileRef = C604594427877935008A0767 /* VisionTextRecognitionTutorial1Tests.swift */; };
		C604594F27877935008A0767 /* VisionTextRecognitionTutorial1UITests.swift in Sources */ = {isa = PBXBuildFile; fileRef = C604594E27877935008A0767 /* VisionTextRecognitionTutorial1UITests.swift */; };
		C604595127877935008A0767 /* VisionTextRecognitionTutorial1UITestsLaunchTests.swift in Sources */ = {isa = PBXBuildFile; fileRef = C604595027877935008A0767 /* VisionTextRecognitionTutorial1UITestsLaunchTests.swift */; };
/* End PBXBuildFile section */

/* Begin PBXContainerItemProxy section */
		C604594127877935008A0767 /* PBXContainerItemProxy */ = {
			isa = PBXContainerItemProxy;
			containerPortal = C604592227877933008A0767 /* Project object */;
			proxyType = 1;
			remoteGlobalIDString = C604592927877933008A0767;
			remoteInfo = VisionTextRecognitionTutorial1;
		};
		C604594B27877935008A0767 /* PBXContainerItemProxy */ = {
			isa = PBXContainerItemProxy;
			containerPortal = C604592227877933008A0767 /* Project object */;
			proxyType = 1;
			remoteGlobalIDString = C604592927877933008A0767;
			remoteInfo = VisionTextRecognitionTutorial1;
		};
/* End PBXContainerItemProxy section */

/* Begin PBXFileReference section */
		C604592A27877933008A0767 /* VisionTextRecognitionTutorial1.app */ = {isa = PBXFileReference; explicitFileType = wrapper.application; includeInIndex = 0; path = VisionTextRecognitionTutorial1.app; sourceTree = BUILT_PRODUCTS_DIR; };
		C604592D27877933008A0767 /* AppDelegate.swift */ = {isa = PBXFileReference; lastKnownFileType = sourcecode.swift; path = AppDelegate.swift; sourceTree = "<group>"; };
		C604592F27877933008A0767 /* SceneDelegate.swift */ = {isa = PBXFileReference; lastKnownFileType = sourcecode.swift; path = SceneDelegate.swift; sourceTree = "<group>"; };
		C604593127877933008A0767 /* MainViewController.swift */ = {isa = PBXFileReference; lastKnownFileType = sourcecode.swift; path = MainViewController.swift; sourceTree = "<group>"; };
		C604593627877934008A0767 /* Assets.xcassets */ = {isa = PBXFileReference; lastKnownFileType = folder.assetcatalog; path = Assets.xcassets; sourceTree = "<group>"; };
		C604593927877934008A0767 /* Base */ = {isa = PBXFileReference; lastKnownFileType = file.storyboard; name = Base; path = Base.lproj/LaunchScreen.storyboard; sourceTree = "<group>"; };
		C604593B27877934008A0767 /* Info.plist */ = {isa = PBXFileReference; lastKnownFileType = text.plist.xml; path = Info.plist; sourceTree = "<group>"; };
		C604594027877935008A0767 /* VisionTextRecognitionTutorial1Tests.xctest */ = {isa = PBXFileReference; explicitFileType = wrapper.cfbundle; includeInIndex = 0; path = VisionTextRecognitionTutorial1Tests.xctest; sourceTree = BUILT_PRODUCTS_DIR; };
		C604594427877935008A0767 /* VisionTextRecognitionTutorial1Tests.swift */ = {isa = PBXFileReference; lastKnownFileType = sourcecode.swift; path = VisionTextRecognitionTutorial1Tests.swift; sourceTree = "<group>"; };
		C604594A27877935008A0767 /* VisionTextRecognitionTutorial1UITests.xctest */ = {isa = PBXFileReference; explicitFileType = wrapper.cfbundle; includeInIndex = 0; path = VisionTextRecognitionTutorial1UITests.xctest; sourceTree = BUILT_PRODUCTS_DIR; };
		C604594E27877935008A0767 /* VisionTextRecognitionTutorial1UITests.swift */ = {isa = PBXFileReference; lastKnownFileType = sourcecode.swift; path = VisionTextRecognitionTutorial1UITests.swift; sourceTree = "<group>"; };
		C604595027877935008A0767 /* VisionTextRecognitionTutorial1UITestsLaunchTests.swift */ = {isa = PBXFileReference; lastKnownFileType = sourcecode.swift; path = VisionTextRecognitionTutorial1UITestsLaunchTests.swift; sourceTree = "<group>"; };
/* End PBXFileReference section */

/* Begin PBXFrameworksBuildPhase section */
		C604592727877933008A0767 /* Frameworks */ = {
			isa = PBXFrameworksBuildPhase;
			buildActionMask = 2147483647;
			files = (
			);
			runOnlyForDeploymentPostprocessing = 0;
		};
		C604593D27877935008A0767 /* Frameworks */ = {
			isa = PBXFrameworksBuildPhase;
			buildActionMask = 2147483647;
			files = (
			);
			runOnlyForDeploymentPostprocessing = 0;
		};
		C604594727877935008A0767 /* Frameworks */ = {
			isa = PBXFrameworksBuildPhase;
			buildActionMask = 2147483647;
			files = (
			);
			runOnlyForDeploymentPostprocessing = 0;
		};
/* End PBXFrameworksBuildPhase section */

/* Begin PBXGroup section */
		C604592127877933008A0767 = {
			isa = PBXGroup;
			children = (
				C604592C27877933008A0767 /* VisionTextRecognitionTutorial1 */,
				C604594327877935008A0767 /* VisionTextRecognitionTutorial1Tests */,
				C604594D27877935008A0767 /* VisionTextRecognitionTutorial1UITests */,
				C604592B27877933008A0767 /* Products */,
			);
			sourceTree = "<group>";
		};
		C604592B27877933008A0767 /* Products */ = {
			isa = PBXGroup;
			children = (
				C604592A27877933008A0767 /* VisionTextRecognitionTutorial1.app */,
				C604594027877935008A0767 /* VisionTextRecognitionTutorial1Tests.xctest */,
				C604594A27877935008A0767 /* VisionTextRecognitionTutorial1UITests.xctest */,
			);
			name = Products;
			sourceTree = "<group>";
		};
		C604592C27877933008A0767 /* VisionTextRecognitionTutorial1 */ = {
			isa = PBXGroup;
			children = (
				C604592D27877933008A0767 /* AppDelegate.swift */,
				C604592F27877933008A0767 /* SceneDelegate.swift */,
				C604593127877933008A0767 /* MainViewController.swift */,
				C604593627877934008A0767 /* Assets.xcassets */,
				C604593827877934008A0767 /* LaunchScreen.storyboard */,
				C604593B27877934008A0767 /* Info.plist */,
			);
			path = VisionTextRecognitionTutorial1;
			sourceTree = "<group>";
		};
		C604594327877935008A0767 /* VisionTextRecognitionTutorial1Tests */ = {
			isa = PBXGroup;
			children = (
				C604594427877935008A0767 /* VisionTextRecognitionTutorial1Tests.swift */,
			);
			path = VisionTextRecognitionTutorial1Tests;
			sourceTree = "<group>";
		};
		C604594D27877935008A0767 /* VisionTextRecognitionTutorial1UITests */ = {
			isa = PBXGroup;
			children = (
				C604594E27877935008A0767 /* VisionTextRecognitionTutorial1UITests.swift */,
				C604595027877935008A0767 /* VisionTextRecognitionTutorial1UITestsLaunchTests.swift */,
			);
			path = VisionTextRecognitionTutorial1UITests;
			sourceTree = "<group>";
		};
/* End PBXGroup section */

/* Begin PBXNativeTarget section */
		C604592927877933008A0767 /* VisionTextRecognitionTutorial1 */ = {
			isa = PBXNativeTarget;
			buildConfigurationList = C604595427877935008A0767 /* Build configuration list for PBXNativeTarget "VisionTextRecognitionTutorial1" */;
			buildPhases = (
				C604592627877933008A0767 /* Sources */,
				C604592727877933008A0767 /* Frameworks */,
				C604592827877933008A0767 /* Resources */,
			);
			buildRules = (
			);
			dependencies = (
			);
			name = VisionTextRecognitionTutorial1;
			productName = VisionTextRecognitionTutorial1;
			productReference = C604592A27877933008A0767 /* VisionTextRecognitionTutorial1.app */;
			productType = "com.apple.product-type.application";
		};
		C604593F27877935008A0767 /* VisionTextRecognitionTutorial1Tests */ = {
			isa = PBXNativeTarget;
			buildConfigurationList = C604595727877935008A0767 /* Build configuration list for PBXNativeTarget "VisionTextRecognitionTutorial1Tests" */;
			buildPhases = (
				C604593C27877935008A0767 /* Sources */,
				C604593D27877935008A0767 /* Frameworks */,
				C604593E27877935008A0767 /* Resources */,
			);
			buildRules = (
			);
			dependencies = (
				C604594227877935008A0767 /* PBXTargetDependency */,
			);
			name = VisionTextRecognitionTutorial1Tests;
			productName = VisionTextRecognitionTutorial1Tests;
			productReference = C604594027877935008A0767 /* VisionTextRecognitionTutorial1Tests.xctest */;
			productType = "com.apple.product-type.bundle.unit-test";
		};
		C604594927877935008A0767 /* VisionTextRecognitionTutorial1UITests */ = {
			isa = PBXNativeTarget;
			buildConfigurationList = C604595A27877935008A0767 /* Build configuration list for PBXNativeTarget "VisionTextRecognitionTutorial1UITests" */;
			buildPhases = (
				C604594627877935008A0767 /* Sources */,
				C604594727877935008A0767 /* Frameworks */,
				C604594827877935008A0767 /* Resources */,
			);
			buildRules = (
			);
			dependencies = (
				C604594C27877935008A0767 /* PBXTargetDependency */,
			);
			name = VisionTextRecognitionTutorial1UITests;
			productName = VisionTextRecognitionTutorial1UITests;
			productReference = C604594A27877935008A0767 /* VisionTextRecognitionTutorial1UITests.xctest */;
			productType = "com.apple.product-type.bundle.ui-testing";
		};
/* End PBXNativeTarget section */

/* Begin PBXProject section */
		C604592227877933008A0767 /* Project object */ = {
			isa = PBXProject;
			attributes = {
				BuildIndependentTargetsInParallel = 1;
				LastSwiftUpdateCheck = 1320;
				LastUpgradeCheck = 1320;
				TargetAttributes = {
					C604592927877933008A0767 = {
						CreatedOnToolsVersion = 13.2.1;
					};
					C604593F27877935008A0767 = {
						CreatedOnToolsVersion = 13.2.1;
						TestTargetID = C604592927877933008A0767;
					};
					C604594927877935008A0767 = {
						CreatedOnToolsVersion = 13.2.1;
						TestTargetID = C604592927877933008A0767;
					};
				};
			};
			buildConfigurationList = C604592527877933008A0767 /* Build configuration list for PBXProject "VisionTextRecognitionTutorial1" */;
			compatibilityVersion = "Xcode 13.0";
			developmentRegion = en;
			hasScannedForEncodings = 0;
			knownRegions = (
				en,
				Base,
			);
			mainGroup = C604592127877933008A0767;
			productRefGroup = C604592B27877933008A0767 /* Products */;
			projectDirPath = "";
			projectRoot = "";
			targets = (
				C604592927877933008A0767 /* VisionTextRecognitionTutorial1 */,
				C604593F27877935008A0767 /* VisionTextRecognitionTutorial1Tests */,
				C604594927877935008A0767 /* VisionTextRecognitionTutorial1UITests */,
			);
		};
/* End PBXProject section */

/* Begin PBXResourcesBuildPhase section */
		C604592827877933008A0767 /* Resources */ = {
			isa = PBXResourcesBuildPhase;
			buildActionMask = 2147483647;
			files = (
				C604593A27877934008A0767 /* LaunchScreen.storyboard in Resources */,
				C604593727877934008A0767 /* Assets.xcassets in Resources */,
			);
			runOnlyForDeploymentPostprocessing = 0;
		};
		C604593E27877935008A0767 /* Resources */ = {
			isa = PBXResourcesBuildPhase;
			buildActionMask = 2147483647;
			files = (
			);
			runOnlyForDeploymentPostprocessing = 0;
		};
		C604594827877935008A0767 /* Resources */ = {
			isa = PBXResourcesBuildPhase;
			buildActionMask = 2147483647;
			files = (
			);
			runOnlyForDeploymentPostprocessing = 0;
		};
/* End PBXResourcesBuildPhase section */

/* Begin PBXSourcesBuildPhase section */
		C604592627877933008A0767 /* Sources */ = {
			isa = PBXSourcesBuildPhase;
			buildActionMask = 2147483647;
			files = (
				C604593227877933008A0767 /* MainViewController.swift in Sources */,
				C604592E27877933008A0767 /* AppDelegate.swift in Sources */,
				C604593027877933008A0767 /* SceneDelegate.swift in Sources */,
			);
			runOnlyForDeploymentPostprocessing = 0;
		};
		C604593C27877935008A0767 /* Sources */ = {
			isa = PBXSourcesBuildPhase;
			buildActionMask = 2147483647;
			files = (
				C604594527877935008A0767 /* VisionTextRecognitionTutorial1Tests.swift in Sources */,
			);
			runOnlyForDeploymentPostprocessing = 0;
		};
		C604594627877935008A0767 /* Sources */ = {
			isa = PBXSourcesBuildPhase;
			buildActionMask = 2147483647;
			files = (
				C604594F27877935008A0767 /* VisionTextRecognitionTutorial1UITests.swift in Sources */,
				C604595127877935008A0767 /* VisionTextRecognitionTutorial1UITestsLaunchTests.swift in Sources */,
			);
			runOnlyForDeploymentPostprocessing = 0;
		};
/* End PBXSourcesBuildPhase section */

/* Begin PBXTargetDependency section */
		C604594227877935008A0767 /* PBXTargetDependency */ = {
			isa = PBXTargetDependency;
			target = C604592927877933008A0767 /* VisionTextRecognitionTutorial1 */;
			targetProxy = C604594127877935008A0767 /* PBXContainerItemProxy */;
		};
		C604594C27877935008A0767 /* PBXTargetDependency */ = {
			isa = PBXTargetDependency;
			target = C604592927877933008A0767 /* VisionTextRecognitionTutorial1 */;
			targetProxy = C604594B27877935008A0767 /* PBXContainerItemProxy */;
		};
/* End PBXTargetDependency section */

/* Begin PBXVariantGroup section */
		C604593827877934008A0767 /* LaunchScreen.storyboard */ = {
			isa = PBXVariantGroup;
			children = (
				C604593927877934008A0767 /* Base */,
			);
			name = LaunchScreen.storyboard;
			sourceTree = "<group>";
		};
/* End PBXVariantGroup section */

/* Begin XCBuildConfiguration section */
		C604595227877935008A0767 /* Debug */ = {
			isa = XCBuildConfiguration;
			buildSettings = {
				ALWAYS_SEARCH_USER_PATHS = NO;
				CLANG_ANALYZER_NONNULL = YES;
				CLANG_ANALYZER_NUMBER_OBJECT_CONVERSION = YES_AGGRESSIVE;
				CLANG_CXX_LANGUAGE_STANDARD = "gnu++17";
				CLANG_CXX_LIBRARY = "libc++";
				CLANG_ENABLE_MODULES = YES;
				CLANG_ENABLE_OBJC_ARC = YES;
				CLANG_ENABLE_OBJC_WEAK = YES;
				CLANG_WARN_BLOCK_CAPTURE_AUTORELEASING = YES;
				CLANG_WARN_BOOL_CONVERSION = YES;
				CLANG_WARN_COMMA = YES;
				CLANG_WARN_CONSTANT_CONVERSION = YES;
				CLANG_WARN_DEPRECATED_OBJC_IMPLEMENTATIONS = YES;
				CLANG_WARN_DIRECT_OBJC_ISA_USAGE = YES_ERROR;
				CLANG_WARN_DOCUMENTATION_COMMENTS = YES;
				CLANG_WARN_EMPTY_BODY = YES;
				CLANG_WARN_ENUM_CONVERSION = YES;
				CLANG_WARN_INFINITE_RECURSION = YES;
				CLANG_WARN_INT_CONVERSION = YES;
				CLANG_WARN_NON_LITERAL_NULL_CONVERSION = YES;
				CLANG_WARN_OBJC_IMPLICIT_RETAIN_SELF = YES;
				CLANG_WARN_OBJC_LITERAL_CONVERSION = YES;
				CLANG_WARN_OBJC_ROOT_CLASS = YES_ERROR;
				CLANG_WARN_QUOTED_INCLUDE_IN_FRAMEWORK_HEADER = YES;
				CLANG_WARN_RANGE_LOOP_ANALYSIS = YES;
				CLANG_WARN_STRICT_PROTOTYPES = YES;
				CLANG_WARN_SUSPICIOUS_MOVE = YES;
				CLANG_WARN_UNGUARDED_AVAILABILITY = YES_AGGRESSIVE;
				CLANG_WARN_UNREACHABLE_CODE = YES;
				CLANG_WARN__DUPLICATE_METHOD_MATCH = YES;
				COPY_PHASE_STRIP = NO;
				DEBUG_INFORMATION_FORMAT = dwarf;
				ENABLE_STRICT_OBJC_MSGSEND = YES;
				ENABLE_TESTABILITY = YES;
				GCC_C_LANGUAGE_STANDARD = gnu11;
				GCC_DYNAMIC_NO_PIC = NO;
				GCC_NO_COMMON_BLOCKS = YES;
				GCC_OPTIMIZATION_LEVEL = 0;
				GCC_PREPROCESSOR_DEFINITIONS = (
					"DEBUG=1",
					"$(inherited)",
				);
				GCC_WARN_64_TO_32_BIT_CONVERSION = YES;
				GCC_WARN_ABOUT_RETURN_TYPE = YES_ERROR;
				GCC_WARN_UNDECLARED_SELECTOR = YES;
				GCC_WARN_UNINITIALIZED_AUTOS = YES_AGGRESSIVE;
				GCC_WARN_UNUSED_FUNCTION = YES;
				GCC_WARN_UNUSED_VARIABLE = YES;
				IPHONEOS_DEPLOYMENT_TARGET = 15.2;
				MTL_ENABLE_DEBUG_INFO = INCLUDE_SOURCE;
				MTL_FAST_MATH = YES;
				ONLY_ACTIVE_ARCH = YES;
				SDKROOT = iphoneos;
				SWIFT_ACTIVE_COMPILATION_CONDITIONS = DEBUG;
				SWIFT_OPTIMIZATION_LEVEL = "-Onone";
			};
			name = Debug;
		};
		C604595327877935008A0767 /* Release */ = {
			isa = XCBuildConfiguration;
			buildSettings = {
				ALWAYS_SEARCH_USER_PATHS = NO;
				CLANG_ANALYZER_NONNULL = YES;
				CLANG_ANALYZER_NUMBER_OBJECT_CONVERSION = YES_AGGRESSIVE;
				CLANG_CXX_LANGUAGE_STANDARD = "gnu++17";
				CLANG_CXX_LIBRARY = "libc++";
				CLANG_ENABLE_MODULES = YES;
				CLANG_ENABLE_OBJC_ARC = YES;
				CLANG_ENABLE_OBJC_WEAK = YES;
				CLANG_WARN_BLOCK_CAPTURE_AUTORELEASING = YES;
				CLANG_WARN_BOOL_CONVERSION = YES;
				CLANG_WARN_COMMA = YES;
				CLANG_WARN_CONSTANT_CONVERSION = YES;
				CLANG_WARN_DEPRECATED_OBJC_IMPLEMENTATIONS = YES;
				CLANG_WARN_DIRECT_OBJC_ISA_USAGE = YES_ERROR;
				CLANG_WARN_DOCUMENTATION_COMMENTS = YES;
				CLANG_WARN_EMPTY_BODY = YES;
				CLANG_WARN_ENUM_CONVERSION = YES;
				CLANG_WARN_INFINITE_RECURSION = YES;
				CLANG_WARN_INT_CONVERSION = YES;
				CLANG_WARN_NON_LITERAL_NULL_CONVERSION = YES;
				CLANG_WARN_OBJC_IMPLICIT_RETAIN_SELF = YES;
				CLANG_WARN_OBJC_LITERAL_CONVERSION = YES;
				CLANG_WARN_OBJC_ROOT_CLASS = YES_ERROR;
				CLANG_WARN_QUOTED_INCLUDE_IN_FRAMEWORK_HEADER = YES;
				CLANG_WARN_RANGE_LOOP_ANALYSIS = YES;
				CLANG_WARN_STRICT_PROTOTYPES = YES;
				CLANG_WARN_SUSPICIOUS_MOVE = YES;
				CLANG_WARN_UNGUARDED_AVAILABILITY = YES_AGGRESSIVE;
				CLANG_WARN_UNREACHABLE_CODE = YES;
				CLANG_WARN__DUPLICATE_METHOD_MATCH = YES;
				COPY_PHASE_STRIP = NO;
				DEBUG_INFORMATION_FORMAT = "dwarf-with-dsym";
				ENABLE_NS_ASSERTIONS = NO;
				ENABLE_STRICT_OBJC_MSGSEND = YES;
				GCC_C_LANGUAGE_STANDARD = gnu11;
				GCC_NO_COMMON_BLOCKS = YES;
				GCC_WARN_64_TO_32_BIT_CONVERSION = YES;
				GCC_WARN_ABOUT_RETURN_TYPE = YES_ERROR;
				GCC_WARN_UNDECLARED_SELECTOR = YES;
				GCC_WARN_UNINITIALIZED_AUTOS = YES_AGGRESSIVE;
				GCC_WARN_UNUSED_FUNCTION = YES;
				GCC_WARN_UNUSED_VARIABLE = YES;
				IPHONEOS_DEPLOYMENT_TARGET = 15.2;
				MTL_ENABLE_DEBUG_INFO = NO;
				MTL_FAST_MATH = YES;
				SDKROOT = iphoneos;
				SWIFT_COMPILATION_MODE = wholemodule;
				SWIFT_OPTIMIZATION_LEVEL = "-O";
				VALIDATE_PRODUCT = YES;
			};
			name = Release;
		};
		C604595527877935008A0767 /* Debug */ = {
			isa = XCBuildConfiguration;
			buildSettings = {
				ASSETCATALOG_COMPILER_APPICON_NAME = AppIcon;
				ASSETCATALOG_COMPILER_GLOBAL_ACCENT_COLOR_NAME = AccentColor;
				CODE_SIGN_STYLE = Automatic;
				CURRENT_PROJECT_VERSION = 1;
				DEVELOPMENT_TEAM = RKZTN2J83Q;
				GENERATE_INFOPLIST_FILE = YES;
				INFOPLIST_FILE = VisionTextRecognitionTutorial1/Info.plist;
				INFOPLIST_KEY_UIApplicationSupportsIndirectInputEvents = YES;
				INFOPLIST_KEY_UILaunchStoryboardName = LaunchScreen;
				INFOPLIST_KEY_UISupportedInterfaceOrientations_iPad = "UIInterfaceOrientationPortrait UIInterfaceOrientationPortraitUpsideDown UIInterfaceOrientationLandscapeLeft UIInterfaceOrientationLandscapeRight";
				INFOPLIST_KEY_UISupportedInterfaceOrientations_iPhone = "UIInterfaceOrientationPortrait UIInterfaceOrientationLandscapeLeft UIInterfaceOrientationLandscapeRight";
				LD_RUNPATH_SEARCH_PATHS = (
					"$(inherited)",
					"@executable_path/Frameworks",
				);
				MARKETING_VERSION = 1.0;
				PRODUCT_BUNDLE_IDENTIFIER = com.carolineladouce.VisionTextRecognitionTutorial1;
				PRODUCT_NAME = "$(TARGET_NAME)";
				SWIFT_EMIT_LOC_STRINGS = YES;
				SWIFT_VERSION = 5.0;
				TARGETED_DEVICE_FAMILY = "1,2";
			};
			name = Debug;
		};
		C604595627877935008A0767 /* Release */ = {
			isa = XCBuildConfiguration;
			buildSettings = {
				ASSETCATALOG_COMPILER_APPICON_NAME = AppIcon;
				ASSETCATALOG_COMPILER_GLOBAL_ACCENT_COLOR_NAME = AccentColor;
				CODE_SIGN_STYLE = Automatic;
				CURRENT_PROJECT_VERSION = 1;
				DEVELOPMENT_TEAM = RKZTN2J83Q;
				GENERATE_INFOPLIST_FILE = YES;
				INFOPLIST_FILE = VisionTextRecognitionTutorial1/Info.plist;
				INFOPLIST_KEY_UIApplicationSupportsIndirectInputEvents = YES;
				INFOPLIST_KEY_UILaunchStoryboardName = LaunchScreen;
				INFOPLIST_KEY_UISupportedInterfaceOrientations_iPad = "UIInterfaceOrientationPortrait UIInterfaceOrientationPortraitUpsideDown UIInterfaceOrientationLandscapeLeft UIInterfaceOrientationLandscapeRight";
				INFOPLIST_KEY_UISupportedInterfaceOrientations_iPhone = "UIInterfaceOrientationPortrait UIInterfaceOrientationLandscapeLeft UIInterfaceOrientationLandscapeRight";
				LD_RUNPATH_SEARCH_PATHS = (
					"$(inherited)",
					"@executable_path/Frameworks",
				);
				MARKETING_VERSION = 1.0;
				PRODUCT_BUNDLE_IDENTIFIER = com.carolineladouce.VisionTextRecognitionTutorial1;
				PRODUCT_NAME = "$(TARGET_NAME)";
				SWIFT_EMIT_LOC_STRINGS = YES;
				SWIFT_VERSION = 5.0;
				TARGETED_DEVICE_FAMILY = "1,2";
			};
			name = Release;
		};
		C604595827877935008A0767 /* Debug */ = {
			isa = XCBuildConfiguration;
			buildSettings = {
				ALWAYS_EMBED_SWIFT_STANDARD_LIBRARIES = YES;
				BUNDLE_LOADER = "$(TEST_HOST)";
				CODE_SIGN_STYLE = Automatic;
				CURRENT_PROJECT_VERSION = 1;
				DEVELOPMENT_TEAM = RKZTN2J83Q;
				GENERATE_INFOPLIST_FILE = YES;
				IPHONEOS_DEPLOYMENT_TARGET = 15.2;
				MARKETING_VERSION = 1.0;
				PRODUCT_BUNDLE_IDENTIFIER = com.carolineladouce.VisionTextRecognitionTutorial1Tests;
				PRODUCT_NAME = "$(TARGET_NAME)";
				SWIFT_EMIT_LOC_STRINGS = NO;
				SWIFT_VERSION = 5.0;
				TARGETED_DEVICE_FAMILY = "1,2";
				TEST_HOST = "$(BUILT_PRODUCTS_DIR)/VisionTextRecognitionTutorial1.app/VisionTextRecognitionTutorial1";
			};
			name = Debug;
		};
		C604595927877935008A0767 /* Release */ = {
			isa = XCBuildConfiguration;
			buildSettings = {
				ALWAYS_EMBED_SWIFT_STANDARD_LIBRARIES = YES;
				BUNDLE_LOADER = "$(TEST_HOST)";
				CODE_SIGN_STYLE = Automatic;
				CURRENT_PROJECT_VERSION = 1;
				DEVELOPMENT_TEAM = RKZTN2J83Q;
				GENERATE_INFOPLIST_FILE = YES;
				IPHONEOS_DEPLOYMENT_TARGET = 15.2;
				MARKETING_VERSION = 1.0;
				PRODUCT_BUNDLE_IDENTIFIER = com.carolineladouce.VisionTextRecognitionTutorial1Tests;
				PRODUCT_NAME = "$(TARGET_NAME)";
				SWIFT_EMIT_LOC_STRINGS = NO;
				SWIFT_VERSION = 5.0;
				TARGETED_DEVICE_FAMILY = "1,2";
				TEST_HOST = "$(BUILT_PRODUCTS_DIR)/VisionTextRecognitionTutorial1.app/VisionTextRecognitionTutorial1";
			};
			name = Release;
		};
		C604595B27877935008A0767 /* Debug */ = {
			isa = XCBuildConfiguration;
			buildSettings = {
				ALWAYS_EMBED_SWIFT_STANDARD_LIBRARIES = YES;
				CODE_SIGN_STYLE = Automatic;
				CURRENT_PROJECT_VERSION = 1;
				DEVELOPMENT_TEAM = RKZTN2J83Q;
				GENERATE_INFOPLIST_FILE = YES;
				MARKETING_VERSION = 1.0;
				PRODUCT_BUNDLE_IDENTIFIER = com.carolineladouce.VisionTextRecognitionTutorial1UITests;
				PRODUCT_NAME = "$(TARGET_NAME)";
				SWIFT_EMIT_LOC_STRINGS = NO;
				SWIFT_VERSION = 5.0;
				TARGETED_DEVICE_FAMILY = "1,2";
				TEST_TARGET_NAME = VisionTextRecognitionTutorial1;
			};
			name = Debug;
		};
		C604595C27877935008A0767 /* Release */ = {
			isa = XCBuildConfiguration;
			buildSettings = {
				ALWAYS_EMBED_SWIFT_STANDARD_LIBRARIES = YES;
				CODE_SIGN_STYLE = Automatic;
				CURRENT_PROJECT_VERSION = 1;
				DEVELOPMENT_TEAM = RKZTN2J83Q;
				GENERATE_INFOPLIST_FILE = YES;
				MARKETING_VERSION = 1.0;
				PRODUCT_BUNDLE_IDENTIFIER = com.carolineladouce.VisionTextRecognitionTutorial1UITests;
				PRODUCT_NAME = "$(TARGET_NAME)";
				SWIFT_EMIT_LOC_STRINGS = NO;
				SWIFT_VERSION = 5.0;
				TARGETED_DEVICE_FAMILY = "1,2";
				TEST_TARGET_NAME = VisionTextRecognitionTutorial1;
			};
			name = Release;
		};
/* End XCBuildConfiguration section */

/* Begin XCConfigurationList section */
		C604592527877933008A0767 /* Build configuration list for PBXProject "VisionTextRecognitionTutorial1" */ = {
			isa = XCConfigurationList;
			buildConfigurations = (
				C604595227877935008A0767 /* Debug */,
				C604595327877935008A0767 /* Release */,
			);
			defaultConfigurationIsVisible = 0;
			defaultConfigurationName = Release;
		};
		C604595427877935008A0767 /* Build configuration list for PBXNativeTarget "VisionTextRecognitionTutorial1" */ = {
			isa = XCConfigurationList;
			buildConfigurations = (
				C604595527877935008A0767 /* Debug */,
				C604595627877935008A0767 /* Release */,
			);
			defaultConfigurationIsVisible = 0;
			defaultConfigurationName = Release;
		};
		C604595727877935008A0767 /* Build configuration list for PBXNativeTarget "VisionTextRecognitionTutorial1Tests" */ = {
			isa = XCConfigurationList;
			buildConfigurations = (
				C604595827877935008A0767 /* Debug */,
				C604595927877935008A0767 /* Release */,
			);
			defaultConfigurationIsVisible = 0;
			defaultConfigurationName = Release;
		};
		C604595A27877935008A0767 /* Build configuration list for PBXNativeTarget "VisionTextRecognitionTutorial1UITests" */ = {
			isa = XCConfigurationList;
			buildConfigurations = (
				C604595B27877935008A0767 /* Debug */,
				C604595C27877935008A0767 /* Release */,
			);
			defaultConfigurationIsVisible = 0;
			defaultConfigurationName = Release;
		};
/* End XCConfigurationList section */
	};
	rootObject = C604592227877933008A0767 /* Project object */;
}
